{
    "_meta": {
        "hash": {
            "sha256": "351fa1a0b7996f55cc02b14afa2482ec33a734cba7213d43bb30933d74d3efde"
        },
        "pipfile-spec": 6,
        "requires": {
            "python_version": "3.7"
        },
        "sources": [
            {
                "name": "pypi",
                "url": "https://pypi.org/simple",
                "verify_ssl": true
            }
        ]
    },
    "default": {
        "django": {
            "hashes": [
                "sha256:275bec66fd2588dd517ada59b8bfb23d4a9abc5a362349139ddda3c7ff6f5ade",
                "sha256:939652e9d34d7d53d74d5d8ef82a19e5f8bb2de75618f7e5360691b6e9667963"
            ],
            "index": "pypi",
            "version": "==2.1.7"
        },
        "mysqlclient": {
            "hashes": [
                "sha256:b95edaa41d6cc47deecabcdcbb5ab437ad9ae6d8955f5cf10d1847b37e66ef5e"
            ],
            "index": "pypi",
            "version": "==1.4.2"
        },
        "pytz": {
            "hashes": [
                "sha256:303879e36b721603cc54604edcac9d20401bdbe31e1e4fdee5b9f98d5d31dfda",
                "sha256:d747dd3d23d77ef44c6a3526e274af6efeb0a6f1afd5a69ba4d5be4098c8e141"
            ],
            "version": "==2019.1"
        },
        "uwsgi": {
            "hashes": [
                "sha256:3dc2e9b48db92b67bfec1badec0d3fdcc0771316486c5efa3217569da3528bf2"
            ],
            "index": "pypi",
            "version": "==2.0.17"
        }
    },
    "develop": {}
}
